// !$*UTF8*$!
{
	archiveVersion = 1;
	classes = {
	};
	objectVersion = 52;
	objects = {

/* Begin PBXBuildFile section */
		28FE588A25B547D30026CA29 /* AppDelegate.swift in Sources */ = {isa = PBXBuildFile; fileRef = 28FE588925B547D30026CA29 /* AppDelegate.swift */; };
		28FE588C25B547D30026CA29 /* ViewController.swift in Sources */ = {isa = PBXBuildFile; fileRef = 28FE588B25B547D30026CA29 /* ViewController.swift */; };
		28FE588E25B547D50026CA29 /* Assets.xcassets in Resources */ = {isa = PBXBuildFile; fileRef = 28FE588D25B547D50026CA29 /* Assets.xcassets */; };
		28FE589125B547D50026CA29 /* Main.storyboard in Resources */ = {isa = PBXBuildFile; fileRef = 28FE588F25B547D50026CA29 /* Main.storyboard */; };
		28FE589C25B549720026CA29 /* DDView.swift in Sources */ = {isa = PBXBuildFile; fileRef = 28FE589B25B549720026CA29 /* DDView.swift */; };
		28FE58A225B574FE0026CA29 /* XcodeProj in Frameworks */ = {isa = PBXBuildFile; productRef = 28FE58A125B574FE0026CA29 /* XcodeProj */; };
/* End PBXBuildFile section */

/* Begin PBXFileReference section */
		28FE588625B547D30026CA29 /* AppUnleash.app */ = {isa = PBXFileReference; explicitFileType = wrapper.application; includeInIndex = 0; path = AppUnleash.app; sourceTree = BUILT_PRODUCTS_DIR; };
		28FE588925B547D30026CA29 /* AppDelegate.swift */ = {isa = PBXFileReference; lastKnownFileType = sourcecode.swift; path = AppDelegate.swift; sourceTree = "<group>"; };
		28FE588B25B547D30026CA29 /* ViewController.swift */ = {isa = PBXFileReference; lastKnownFileType = sourcecode.swift; path = ViewController.swift; sourceTree = "<group>"; };
		28FE588D25B547D50026CA29 /* Assets.xcassets */ = {isa = PBXFileReference; lastKnownFileType = folder.assetcatalog; path = Assets.xcassets; sourceTree = "<group>"; };
		28FE589025B547D50026CA29 /* Base */ = {isa = PBXFileReference; lastKnownFileType = file.storyboard; name = Base; path = Base.lproj/Main.storyboard; sourceTree = "<group>"; };
		28FE589225B547D50026CA29 /* Info.plist */ = {isa = PBXFileReference; lastKnownFileType = text.plist.xml; path = Info.plist; sourceTree = "<group>"; };
		28FE589325B547D50026CA29 /* AppUnleash.entitlements */ = {isa = PBXFileReference; lastKnownFileType = text.plist.entitlements; path = AppUnleash.entitlements; sourceTree = "<group>"; };
		28FE589B25B549720026CA29 /* DDView.swift */ = {isa = PBXFileReference; fileEncoding = 4; lastKnownFileType = sourcecode.swift; path = DDView.swift; sourceTree = "<group>"; };
/* End PBXFileReference section */

/* Begin PBXFrameworksBuildPhase section */
		28FE588325B547D30026CA29 /* Frameworks */ = {
			isa = PBXFrameworksBuildPhase;
			buildActionMask = 2147483647;
			files = (
				28FE58A225B574FE0026CA29 /* XcodeProj in Frameworks */,
			);
			runOnlyForDeploymentPostprocessing = 0;
		};
/* End PBXFrameworksBuildPhase section */

/* Begin PBXGroup section */
		28FE587D25B547D30026CA29 = {
			isa = PBXGroup;
			children = (
				28FE588825B547D30026CA29 /* AppUnleash */,
				28FE588725B547D30026CA29 /* Products */,
			);
			sourceTree = "<group>";
		};
		28FE588725B547D30026CA29 /* Products */ = {
			isa = PBXGroup;
			children = (
				28FE588625B547D30026CA29 /* AppUnleash.app */,
			);
			name = Products;
			sourceTree = "<group>";
		};
		28FE588825B547D30026CA29 /* AppUnleash */ = {
			isa = PBXGroup;
			children = (
				28FE589B25B549720026CA29 /* DDView.swift */,
				28FE588925B547D30026CA29 /* AppDelegate.swift */,
				28FE588B25B547D30026CA29 /* ViewController.swift */,
				28FE588D25B547D50026CA29 /* Assets.xcassets */,
				28FE588F25B547D50026CA29 /* Main.storyboard */,
				28FE589225B547D50026CA29 /* Info.plist */,
				28FE589325B547D50026CA29 /* AppUnleash.entitlements */,
			);
			path = AppUnleash;
			sourceTree = "<group>";
		};
/* End PBXGroup section */

/* Begin PBXNativeTarget section */
		28FE588525B547D30026CA29 /* AppUnleash */ = {
			isa = PBXNativeTarget;
			buildConfigurationList = 28FE589625B547D50026CA29 /* Build configuration list for PBXNativeTarget "AppUnleash" */;
			buildPhases = (
				28FE588225B547D30026CA29 /* Sources */,
				28FE588325B547D30026CA29 /* Frameworks */,
				28FE588425B547D30026CA29 /* Resources */,
			);
			buildRules = (
			);
			dependencies = (
			);
			name = AppUnleash;
			packageProductDependencies = (
				28FE58A125B574FE0026CA29 /* XcodeProj */,
			);
			productName = AppUnleash;
			productReference = 28FE588625B547D30026CA29 /* AppUnleash.app */;
			productType = "com.apple.product-type.application";
		};
/* End PBXNativeTarget section */

/* Begin PBXProject section */
		28FE587E25B547D30026CA29 /* Project object */ = {
			isa = PBXProject;
			attributes = {
				LastSwiftUpdateCheck = 1230;
				LastUpgradeCheck = 1230;
				TargetAttributes = {
					28FE588525B547D30026CA29 = {
						CreatedOnToolsVersion = 12.3;
					};
				};
			};
			buildConfigurationList = 28FE588125B547D30026CA29 /* Build configuration list for PBXProject "AppUnleash" */;
			compatibilityVersion = "Xcode 9.3";
			developmentRegion = en;
			hasScannedForEncodings = 0;
			knownRegions = (
				en,
				Base,
			);
			mainGroup = 28FE587D25B547D30026CA29;
			packageReferences = (
				28FE58A025B574FE0026CA29 /* XCRemoteSwiftPackageReference "xcodeproj" */,
			);
			productRefGroup = 28FE588725B547D30026CA29 /* Products */;
			projectDirPath = "";
			projectRoot = "";
			targets = (
				28FE588525B547D30026CA29 /* AppUnleash */,
			);
		};
/* End PBXProject section */

/* Begin PBXResourcesBuildPhase section */
		28FE588425B547D30026CA29 /* Resources */ = {
			isa = PBXResourcesBuildPhase;
			buildActionMask = 2147483647;
			files = (
				28FE588E25B547D50026CA29 /* Assets.xcassets in Resources */,
				28FE589125B547D50026CA29 /* Main.storyboard in Resources */,
			);
			runOnlyForDeploymentPostprocessing = 0;
		};
/* End PBXResourcesBuildPhase section */

/* Begin PBXSourcesBuildPhase section */
		28FE588225B547D30026CA29 /* Sources */ = {
			isa = PBXSourcesBuildPhase;
			buildActionMask = 2147483647;
			files = (
				28FE589C25B549720026CA29 /* DDView.swift in Sources */,
				28FE588C25B547D30026CA29 /* ViewController.swift in Sources */,
				28FE588A25B547D30026CA29 /* AppDelegate.swift in Sources */,
			);
			runOnlyForDeploymentPostprocessing = 0;
		};
/* End PBXSourcesBuildPhase section */

/* Begin PBXVariantGroup section */
		28FE588F25B547D50026CA29 /* Main.storyboard */ = {
			isa = PBXVariantGroup;
			children = (
				28FE589025B547D50026CA29 /* Base */,
			);
			name = Main.storyboard;
			sourceTree = "<group>";
		};
/* End PBXVariantGroup section */

/* Begin XCBuildConfiguration section */
		28FE589425B547D50026CA29 /* Debug */ = {
			isa = XCBuildConfiguration;
			buildSettings = {
				ALWAYS_SEARCH_USER_PATHS = NO;
				CLANG_ANALYZER_NONNULL = YES;
				CLANG_ANALYZER_NUMBER_OBJECT_CONVERSION = YES_AGGRESSIVE;
				CLANG_CXX_LANGUAGE_STANDARD = "gnu++14";
				CLANG_CXX_LIBRARY = "libc++";
				CLANG_ENABLE_MODULES = YES;
				CLANG_ENABLE_OBJC_ARC = YES;
				CLANG_ENABLE_OBJC_WEAK = YES;
				CLANG_WARN_BLOCK_CAPTURE_AUTORELEASING = YES;
				CLANG_WARN_BOOL_CONVERSION = YES;
				CLANG_WARN_COMMA = YES;
				CLANG_WARN_CONSTANT_CONVERSION = YES;
				CLANG_WARN_DEPRECATED_OBJC_IMPLEMENTATIONS = YES;
				CLANG_WARN_DIRECT_OBJC_ISA_USAGE = YES_ERROR;
				CLANG_WARN_DOCUMENTATION_COMMENTS = YES;
				CLANG_WARN_EMPTY_BODY = YES;
				CLANG_WARN_ENUM_CONVERSION = YES;
				CLANG_WARN_INFINITE_RECURSION = YES;
				CLANG_WARN_INT_CONVERSION = YES;
				CLANG_WARN_NON_LITERAL_NULL_CONVERSION = YES;
				CLANG_WARN_OBJC_IMPLICIT_RETAIN_SELF = YES;
				CLANG_WARN_OBJC_LITERAL_CONVERSION = YES;
				CLANG_WARN_OBJC_ROOT_CLASS = YES_ERROR;
				CLANG_WARN_QUOTED_INCLUDE_IN_FRAMEWORK_HEADER = YES;
				CLANG_WARN_RANGE_LOOP_ANALYSIS = YES;
				CLANG_WARN_STRICT_PROTOTYPES = YES;
				CLANG_WARN_SUSPICIOUS_MOVE = YES;
				CLANG_WARN_UNGUARDED_AVAILABILITY = YES_AGGRESSIVE;
				CLANG_WARN_UNREACHABLE_CODE = YES;
				CLANG_WARN__DUPLICATE_METHOD_MATCH = YES;
				COPY_PHASE_STRIP = NO;
				DEBUG_INFORMATION_FORMAT = dwarf;
				ENABLE_STRICT_OBJC_MSGSEND = YES;
				ENABLE_TESTABILITY = YES;
				GCC_C_LANGUAGE_STANDARD = gnu11;
				GCC_DYNAMIC_NO_PIC = NO;
				GCC_NO_COMMON_BLOCKS = YES;
				GCC_OPTIMIZATION_LEVEL = 0;
				GCC_PREPROCESSOR_DEFINITIONS = (
					"DEBUG=1",
					"$(inherited)",
				);
				GCC_WARN_64_TO_32_BIT_CONVERSION = YES;
				GCC_WARN_ABOUT_RETURN_TYPE = YES_ERROR;
				GCC_WARN_UNDECLARED_SELECTOR = YES;
				GCC_WARN_UNINITIALIZED_AUTOS = YES_AGGRESSIVE;
				GCC_WARN_UNUSED_FUNCTION = YES;
				GCC_WARN_UNUSED_VARIABLE = YES;
				MACOSX_DEPLOYMENT_TARGET = 10.15;
				MTL_ENABLE_DEBUG_INFO = INCLUDE_SOURCE;
				MTL_FAST_MATH = YES;
				ONLY_ACTIVE_ARCH = YES;
				SDKROOT = macosx;
				SWIFT_ACTIVE_COMPILATION_CONDITIONS = DEBUG;
				SWIFT_OPTIMIZATION_LEVEL = "-Onone";
			};
			name = Debug;
		};
		28FE589525B547D50026CA29 /* Release */ = {
			isa = XCBuildConfiguration;
			buildSettings = {
				ALWAYS_SEARCH_USER_PATHS = NO;
				CLANG_ANALYZER_NONNULL = YES;
				CLANG_ANALYZER_NUMBER_OBJECT_CONVERSION = YES_AGGRESSIVE;
				CLANG_CXX_LANGUAGE_STANDARD = "gnu++14";
				CLANG_CXX_LIBRARY = "libc++";
				CLANG_ENABLE_MODULES = YES;
				CLANG_ENABLE_OBJC_ARC = YES;
				CLANG_ENABLE_OBJC_WEAK = YES;
				CLANG_WARN_BLOCK_CAPTURE_AUTORELEASING = YES;
				CLANG_WARN_BOOL_CONVERSION = YES;
				CLANG_WARN_COMMA = YES;
				CLANG_WARN_CONSTANT_CONVERSION = YES;
				CLANG_WARN_DEPRECATED_OBJC_IMPLEMENTATIONS = YES;
				CLANG_WARN_DIRECT_OBJC_ISA_USAGE = YES_ERROR;
				CLANG_WARN_DOCUMENTATION_COMMENTS = YES;
				CLANG_WARN_EMPTY_BODY = YES;
				CLANG_WARN_ENUM_CONVERSION = YES;
				CLANG_WARN_INFINITE_RECURSION = YES;
				CLANG_WARN_INT_CONVERSION = YES;
				CLANG_WARN_NON_LITERAL_NULL_CONVERSION = YES;
				CLANG_WARN_OBJC_IMPLICIT_RETAIN_SELF = YES;
				CLANG_WARN_OBJC_LITERAL_CONVERSION = YES;
				CLANG_WARN_OBJC_ROOT_CLASS = YES_ERROR;
				CLANG_WARN_QUOTED_INCLUDE_IN_FRAMEWORK_HEADER = YES;
				CLANG_WARN_RANGE_LOOP_ANALYSIS = YES;
				CLANG_WARN_STRICT_PROTOTYPES = YES;
				CLANG_WARN_SUSPICIOUS_MOVE = YES;
				CLANG_WARN_UNGUARDED_AVAILABILITY = YES_AGGRESSIVE;
				CLANG_WARN_UNREACHABLE_CODE = YES;
				CLANG_WARN__DUPLICATE_METHOD_MATCH = YES;
				COPY_PHASE_STRIP = NO;
				DEBUG_INFORMATION_FORMAT = "dwarf-with-dsym";
				ENABLE_NS_ASSERTIONS = NO;
				ENABLE_STRICT_OBJC_MSGSEND = YES;
				GCC_C_LANGUAGE_STANDARD = gnu11;
				GCC_NO_COMMON_BLOCKS = YES;
				GCC_WARN_64_TO_32_BIT_CONVERSION = YES;
				GCC_WARN_ABOUT_RETURN_TYPE = YES_ERROR;
				GCC_WARN_UNDECLARED_SELECTOR = YES;
				GCC_WARN_UNINITIALIZED_AUTOS = YES_AGGRESSIVE;
				GCC_WARN_UNUSED_FUNCTION = YES;
				GCC_WARN_UNUSED_VARIABLE = YES;
				MACOSX_DEPLOYMENT_TARGET = 10.15;
				MTL_ENABLE_DEBUG_INFO = NO;
				MTL_FAST_MATH = YES;
				SDKROOT = macosx;
				SWIFT_COMPILATION_MODE = wholemodule;
				SWIFT_OPTIMIZATION_LEVEL = "-O";
			};
			name = Release;
		};
		28FE589725B547D50026CA29 /* Debug */ = {
			isa = XCBuildConfiguration;
			buildSettings = {
				ASSETCATALOG_COMPILER_APPICON_NAME = AppIcon;
				ASSETCATALOG_COMPILER_GLOBAL_ACCENT_COLOR_NAME = AccentColor;
				CODE_SIGN_ENTITLEMENTS = AppUnleash/AppUnleash.entitlements;
				CODE_SIGN_STYLE = Automatic;
				COMBINE_HIDPI_IMAGES = YES;
				CURRENT_PROJECT_VERSION = 210119;
				DEVELOPMENT_TEAM = 638CAR2KDN;
				ENABLE_HARDENED_RUNTIME = YES;
				INFOPLIST_FILE = AppUnleash/Info.plist;
				LD_RUNPATH_SEARCH_PATHS = (
					"$(inherited)",
					"@executable_path/../Frameworks",
				);
				MARKETING_VERSION = 1.1;
				PRODUCT_BUNDLE_IDENTIFIER = in.mehulb.AppUnleash;
				PRODUCT_NAME = "$(TARGET_NAME)";
				SWIFT_VERSION = 5.0;
			};
			name = Debug;
		};
		28FE589825B547D50026CA29 /* Release */ = {
			isa = XCBuildConfiguration;
			buildSettings = {
				ASSETCATALOG_COMPILER_APPICON_NAME = AppIcon;
				ASSETCATALOG_COMPILER_GLOBAL_ACCENT_COLOR_NAME = AccentColor;
				CODE_SIGN_ENTITLEMENTS = AppUnleash/AppUnleash.entitlements;
				CODE_SIGN_STYLE = Automatic;
				COMBINE_HIDPI_IMAGES = YES;
				CURRENT_PROJECT_VERSION = 210119;
				DEVELOPMENT_TEAM = 638CAR2KDN;
				ENABLE_HARDENED_RUNTIME = YES;
				INFOPLIST_FILE = AppUnleash/Info.plist;
				LD_RUNPATH_SEARCH_PATHS = (
					"$(inherited)",
					"@executable_path/../Frameworks",
				);
				MARKETING_VERSION = 1.1;
				PRODUCT_BUNDLE_IDENTIFIER = in.mehulb.AppUnleash;
				PRODUCT_NAME = "$(TARGET_NAME)";
				SWIFT_VERSION = 5.0;
			};
			name = Release;
		};
/* End XCBuildConfiguration section */

/* Begin XCConfigurationList section */
		28FE588125B547D30026CA29 /* Build configuration list for PBXProject "AppUnleash" */ = {
			isa = XCConfigurationList;
			buildConfigurations = (
				28FE589425B547D50026CA29 /* Debug */,
				28FE589525B547D50026CA29 /* Release */,
			);
			defaultConfigurationIsVisible = 0;
			defaultConfigurationName = Release;
		};
		28FE589625B547D50026CA29 /* Build configuration list for PBXNativeTarget "AppUnleash" */ = {
			isa = XCConfigurationList;
			buildConfigurations = (
				28FE589725B547D50026CA29 /* Debug */,
				28FE589825B547D50026CA29 /* Release */,
			);
			defaultConfigurationIsVisible = 0;
			defaultConfigurationName = Release;
		};
/* End XCConfigurationList section */

/* Begin XCRemoteSwiftPackageReference section */
		28FE58A025B574FE0026CA29 /* XCRemoteSwiftPackageReference "xcodeproj" */ = {
			isa = XCRemoteSwiftPackageReference;
			repositoryURL = "https://github.com/tuist/xcodeproj.git";
			requirement = {
				kind = upToNextMajorVersion;
				minimumVersion = 7.18.0;
			};
		};
/* End XCRemoteSwiftPackageReference section */

/* Begin XCSwiftPackageProductDependency section */
		28FE58A125B574FE0026CA29 /* XcodeProj */ = {
			isa = XCSwiftPackageProductDependency;
			package = 28FE58A025B574FE0026CA29 /* XCRemoteSwiftPackageReference "xcodeproj" */;
			productName = XcodeProj;
		};
/* End XCSwiftPackageProductDependency section */
	};
	rootObject = 28FE587E25B547D30026CA29 /* Project object */;
}
